
Microsoft Visual Studio Solution File, Format Version 12.00
# Visual Studio Version 17
VisualStudioVersion = 17.2.32505.173
MinimumVisualStudioVersion = 10.0.40219.1
Project("{FAE04EC0-301F-11D3-BF4B-00C04F79EFBC}") = "test2", "test2.csproj", "{299E1815-E2FC-4F18-8338-F6AEDE420CDE}"
EndProject
Global
	GlobalSection(SolutionConfigurationPlatforms) = preSolution
		Debug|Any CPU = Debug|Any CPU
		Release|Any CPU = Release|Any CPU
	EndGlobalSection
	GlobalSection(ProjectConfigurationPlatforms) = postSolution
		{299E1815-E2FC-4F18-8338-F6AEDE420CDE}.Debug|Any CPU.ActiveCfg = Debug|Any CPU
		{299E1815-E2FC-4F18-8338-F6AEDE420CDE}.Debug|Any CPU.Build.0 = Debug|Any CPU
		{299E1815-E2FC-4F18-8338-F6AEDE420CDE}.Release|Any CPU.ActiveCfg = Release|Any CPU
		{299E1815-E2FC-4F18-8338-F6AEDE420CDE}.Release|Any CPU.Build.0 = Release|Any CPU
	EndGlobalSection
	GlobalSection(SolutionProperties) = preSolution
		HideSolutionNode = FALSE
	EndGlobalSection
	GlobalSection(ExtensibilityGlobals) = postSolution
		SolutionGuid = {DE2745D3-BC5F-45AC-98F7-27F9BFDFE4F0}
	EndGlobalSection
EndGlobal
